// !$*UTF8*$!
{
	archiveVersion = 1;
	classes = {
	};
	objectVersion = 52;
	objects = {

/* Begin PBXBuildFile section */
		181760B225C9D5F300017528 /* Estimate.swift in Sources */ = {isa = PBXBuildFile; fileRef = 181760B125C9D5F300017528 /* Estimate.swift */; };
		1819A84525D04CED00D9B54F /* CheckBoxField.swift in Sources */ = {isa = PBXBuildFile; fileRef = 1819A84425D04CED00D9B54F /* CheckBoxField.swift */; };
		182933D625D81DCE00F59904 /* EstimateView.swift in Sources */ = {isa = PBXBuildFile; fileRef = 182933D525D81DCE00F59904 /* EstimateView.swift */; };
		182933DB25D81EE700F59904 /* EstimateViewModel.swift in Sources */ = {isa = PBXBuildFile; fileRef = 182933DA25D81EE700F59904 /* EstimateViewModel.swift */; };
		1836B46925B4E303005B36FD /* NavigationBarModifier.swift in Sources */ = {isa = PBXBuildFile; fileRef = 1836B46825B4E303005B36FD /* NavigationBarModifier.swift */; };
		186DE9DF25967DBD007204DD /* amistee_appApp.swift in Sources */ = {isa = PBXBuildFile; fileRef = 186DE9DE25967DBD007204DD /* amistee_appApp.swift */; };
		186DE9E325967DC0007204DD /* Assets.xcassets in Resources */ = {isa = PBXBuildFile; fileRef = 186DE9E225967DC0007204DD /* Assets.xcassets */; };
		186DE9E625967DC0007204DD /* Preview Assets.xcassets in Resources */ = {isa = PBXBuildFile; fileRef = 186DE9E525967DC0007204DD /* Preview Assets.xcassets */; };
		186DE9F125967DC0007204DD /* amistee_appTests.swift in Sources */ = {isa = PBXBuildFile; fileRef = 186DE9F025967DC0007204DD /* amistee_appTests.swift */; };
		186DE9FC25967DC0007204DD /* amistee_appUITests.swift in Sources */ = {isa = PBXBuildFile; fileRef = 186DE9FB25967DC0007204DD /* amistee_appUITests.swift */; };
		186DEA1C25967E47007204DD /* CustomTextField.swift in Sources */ = {isa = PBXBuildFile; fileRef = 186DEA1925967E47007204DD /* CustomTextField.swift */; };
		186DEA1D25967E47007204DD /* CustomModifier.swift in Sources */ = {isa = PBXBuildFile; fileRef = 186DEA1A25967E47007204DD /* CustomModifier.swift */; };
		186DEA1E25967E47007204DD /* RadioButtonField.swift in Sources */ = {isa = PBXBuildFile; fileRef = 186DEA1B25967E47007204DD /* RadioButtonField.swift */; };
		186DEA2525967E54007204DD /* UIColor.swift in Sources */ = {isa = PBXBuildFile; fileRef = 186DEA2225967E54007204DD /* UIColor.swift */; };
		186DEA2625967E54007204DD /* UIConfiguration.swift in Sources */ = {isa = PBXBuildFile; fileRef = 186DEA2325967E54007204DD /* UIConfiguration.swift */; };
		186DEA2725967E54007204DD /* AppState.swift in Sources */ = {isa = PBXBuildFile; fileRef = 186DEA2425967E54007204DD /* AppState.swift */; };
		186DEA2D25967E63007204DD /* Ticket.swift in Sources */ = {isa = PBXBuildFile; fileRef = 186DEA2B25967E63007204DD /* Ticket.swift */; };
		186DEA2E25967E63007204DD /* User.swift in Sources */ = {isa = PBXBuildFile; fileRef = 186DEA2C25967E63007204DD /* User.swift */; };
		186DEA3525967E6F007204DD /* WebService.swift in Sources */ = {isa = PBXBuildFile; fileRef = 186DEA3225967E6F007204DD /* WebService.swift */; };
		186DEA3625967E6F007204DD /* AuthAPI.swift in Sources */ = {isa = PBXBuildFile; fileRef = 186DEA3325967E6F007204DD /* AuthAPI.swift */; };
		186DEA3725967E6F007204DD /* AuthService.swift in Sources */ = {isa = PBXBuildFile; fileRef = 186DEA3425967E6F007204DD /* AuthService.swift */; };
		186DEA4625967E80007204DD /* JobDetailsView.swift in Sources */ = {isa = PBXBuildFile; fileRef = 186DEA3B25967E80007204DD /* JobDetailsView.swift */; };
		186DEA4725967E80007204DD /* JobRow.swift in Sources */ = {isa = PBXBuildFile; fileRef = 186DEA3C25967E80007204DD /* JobRow.swift */; };
		186DEA4825967E80007204DD /* WelcomeView.swift in Sources */ = {isa = PBXBuildFile; fileRef = 186DEA3D25967E80007204DD /* WelcomeView.swift */; };
		186DEA4925967E80007204DD /* JobsView.swift in Sources */ = {isa = PBXBuildFile; fileRef = 186DEA3E25967E80007204DD /* JobsView.swift */; };
		186DEA4B25967E80007204DD /* SplashView.swift in Sources */ = {isa = PBXBuildFile; fileRef = 186DEA4025967E80007204DD /* SplashView.swift */; };
		186DEA4C25967E80007204DD /* SignUpView.swift in Sources */ = {isa = PBXBuildFile; fileRef = 186DEA4125967E80007204DD /* SignUpView.swift */; };
		186DEA4D25967E80007204DD /* DrawerView.swift in Sources */ = {isa = PBXBuildFile; fileRef = 186DEA4225967E80007204DD /* DrawerView.swift */; };
		186DEA4E25967E80007204DD /* JobListView.swift in Sources */ = {isa = PBXBuildFile; fileRef = 186DEA4325967E80007204DD /* JobListView.swift */; };
		186DEA4F25967E80007204DD /* HomeView.swift in Sources */ = {isa = PBXBuildFile; fileRef = 186DEA4425967E80007204DD /* HomeView.swift */; };
		186DEA5025967E80007204DD /* SignInView.swift in Sources */ = {isa = PBXBuildFile; fileRef = 186DEA4525967E80007204DD /* SignInView.swift */; };
		186DEA5A25967E92007204DD /* TicketListViewModel.swift in Sources */ = {isa = PBXBuildFile; fileRef = 186DEA5425967E92007204DD /* TicketListViewModel.swift */; };
		186DEA5B25967E92007204DD /* StatusViewModel.swift in Sources */ = {isa = PBXBuildFile; fileRef = 186DEA5525967E92007204DD /* StatusViewModel.swift */; };
		186DEA5C25967E92007204DD /* SignInViewModel.swift in Sources */ = {isa = PBXBuildFile; fileRef = 186DEA5625967E92007204DD /* SignInViewModel.swift */; };
		186DEA5D25967E92007204DD /* ScheduleViewModel.swift in Sources */ = {isa = PBXBuildFile; fileRef = 186DEA5725967E92007204DD /* ScheduleViewModel.swift */; };
		186DEA5E25967E92007204DD /* SignUpViewModel.swift in Sources */ = {isa = PBXBuildFile; fileRef = 186DEA5825967E92007204DD /* SignUpViewModel.swift */; };
		186DEA5F25967E92007204DD /* JobList.swift in Sources */ = {isa = PBXBuildFile; fileRef = 186DEA5925967E92007204DD /* JobList.swift */; };
		186DEA6D25968BEE007204DD /* Loader.swift in Sources */ = {isa = PBXBuildFile; fileRef = 186DEA6C25968BEE007204DD /* Loader.swift */; };
		187400F525A4D91200FE580E /* Utility.swift in Sources */ = {isa = PBXBuildFile; fileRef = 187400F425A4D91200FE580E /* Utility.swift */; };
		187400FD25A4DE7600FE580E /* ScheduleView.swift in Sources */ = {isa = PBXBuildFile; fileRef = 187400FC25A4DE7600FE580E /* ScheduleView.swift */; };
		18ADA5C025991865004966E4 /* AuthenticationState.swift in Sources */ = {isa = PBXBuildFile; fileRef = 18ADA5BF25991865004966E4 /* AuthenticationState.swift */; };
		18ADA5C7259A4BC9004966E4 /* Alamofire in Frameworks */ = {isa = PBXBuildFile; productRef = 18ADA5C6259A4BC9004966E4 /* Alamofire */; };
/* End PBXBuildFile section */

/* Begin PBXContainerItemProxy section */
		186DE9ED25967DC0007204DD /* PBXContainerItemProxy */ = {
			isa = PBXContainerItemProxy;
			containerPortal = 186DE9D325967DBD007204DD /* Project object */;
			proxyType = 1;
			remoteGlobalIDString = 186DE9DA25967DBD007204DD;
			remoteInfo = "amistee-app";
		};
		186DE9F825967DC0007204DD /* PBXContainerItemProxy */ = {
			isa = PBXContainerItemProxy;
			containerPortal = 186DE9D325967DBD007204DD /* Project object */;
			proxyType = 1;
			remoteGlobalIDString = 186DE9DA25967DBD007204DD;
			remoteInfo = "amistee-app";
		};
/* End PBXContainerItemProxy section */

/* Begin PBXFileReference section */
		181760B125C9D5F300017528 /* Estimate.swift */ = {isa = PBXFileReference; lastKnownFileType = sourcecode.swift; path = Estimate.swift; sourceTree = "<group>"; };
		1819A84425D04CED00D9B54F /* CheckBoxField.swift */ = {isa = PBXFileReference; lastKnownFileType = sourcecode.swift; path = CheckBoxField.swift; sourceTree = "<group>"; };
		182933D525D81DCE00F59904 /* EstimateView.swift */ = {isa = PBXFileReference; lastKnownFileType = sourcecode.swift; path = EstimateView.swift; sourceTree = "<group>"; };
		182933DA25D81EE700F59904 /* EstimateViewModel.swift */ = {isa = PBXFileReference; lastKnownFileType = sourcecode.swift; path = EstimateViewModel.swift; sourceTree = "<group>"; };
		1836B46825B4E303005B36FD /* NavigationBarModifier.swift */ = {isa = PBXFileReference; lastKnownFileType = sourcecode.swift; path = NavigationBarModifier.swift; sourceTree = "<group>"; };
		186DE9DB25967DBD007204DD /* amistee-app.app */ = {isa = PBXFileReference; explicitFileType = wrapper.application; includeInIndex = 0; path = "amistee-app.app"; sourceTree = BUILT_PRODUCTS_DIR; };
		186DE9DE25967DBD007204DD /* amistee_appApp.swift */ = {isa = PBXFileReference; lastKnownFileType = sourcecode.swift; path = amistee_appApp.swift; sourceTree = "<group>"; };
		186DE9E225967DC0007204DD /* Assets.xcassets */ = {isa = PBXFileReference; lastKnownFileType = folder.assetcatalog; path = Assets.xcassets; sourceTree = "<group>"; };
		186DE9E525967DC0007204DD /* Preview Assets.xcassets */ = {isa = PBXFileReference; lastKnownFileType = folder.assetcatalog; path = "Preview Assets.xcassets"; sourceTree = "<group>"; };
		186DE9E725967DC0007204DD /* Info.plist */ = {isa = PBXFileReference; lastKnownFileType = text.plist.xml; path = Info.plist; sourceTree = "<group>"; };
		186DE9EC25967DC0007204DD /* amistee-appTests.xctest */ = {isa = PBXFileReference; explicitFileType = wrapper.cfbundle; includeInIndex = 0; path = "amistee-appTests.xctest"; sourceTree = BUILT_PRODUCTS_DIR; };
		186DE9F025967DC0007204DD /* amistee_appTests.swift */ = {isa = PBXFileReference; lastKnownFileType = sourcecode.swift; path = amistee_appTests.swift; sourceTree = "<group>"; };
		186DE9F225967DC0007204DD /* Info.plist */ = {isa = PBXFileReference; lastKnownFileType = text.plist.xml; path = Info.plist; sourceTree = "<group>"; };
		186DE9F725967DC0007204DD /* amistee-appUITests.xctest */ = {isa = PBXFileReference; explicitFileType = wrapper.cfbundle; includeInIndex = 0; path = "amistee-appUITests.xctest"; sourceTree = BUILT_PRODUCTS_DIR; };
		186DE9FB25967DC0007204DD /* amistee_appUITests.swift */ = {isa = PBXFileReference; lastKnownFileType = sourcecode.swift; path = amistee_appUITests.swift; sourceTree = "<group>"; };
		186DE9FD25967DC0007204DD /* Info.plist */ = {isa = PBXFileReference; lastKnownFileType = text.plist.xml; path = Info.plist; sourceTree = "<group>"; };
		186DEA1925967E47007204DD /* CustomTextField.swift */ = {isa = PBXFileReference; fileEncoding = 4; lastKnownFileType = sourcecode.swift; path = CustomTextField.swift; sourceTree = "<group>"; };
		186DEA1A25967E47007204DD /* CustomModifier.swift */ = {isa = PBXFileReference; fileEncoding = 4; lastKnownFileType = sourcecode.swift; path = CustomModifier.swift; sourceTree = "<group>"; };
		186DEA1B25967E47007204DD /* RadioButtonField.swift */ = {isa = PBXFileReference; fileEncoding = 4; lastKnownFileType = sourcecode.swift; path = RadioButtonField.swift; sourceTree = "<group>"; };
		186DEA2225967E54007204DD /* UIColor.swift */ = {isa = PBXFileReference; fileEncoding = 4; lastKnownFileType = sourcecode.swift; path = UIColor.swift; sourceTree = "<group>"; };
		186DEA2325967E54007204DD /* UIConfiguration.swift */ = {isa = PBXFileReference; fileEncoding = 4; lastKnownFileType = sourcecode.swift; path = UIConfiguration.swift; sourceTree = "<group>"; };
		186DEA2425967E54007204DD /* AppState.swift */ = {isa = PBXFileReference; fileEncoding = 4; lastKnownFileType = sourcecode.swift; path = AppState.swift; sourceTree = "<group>"; };
		186DEA2B25967E63007204DD /* Ticket.swift */ = {isa = PBXFileReference; fileEncoding = 4; lastKnownFileType = sourcecode.swift; path = Ticket.swift; sourceTree = "<group>"; };
		186DEA2C25967E63007204DD /* User.swift */ = {isa = PBXFileReference; fileEncoding = 4; lastKnownFileType = sourcecode.swift; path = User.swift; sourceTree = "<group>"; };
		186DEA3225967E6F007204DD /* WebService.swift */ = {isa = PBXFileReference; fileEncoding = 4; lastKnownFileType = sourcecode.swift; path = WebService.swift; sourceTree = "<group>"; };
		186DEA3325967E6F007204DD /* AuthAPI.swift */ = {isa = PBXFileReference; fileEncoding = 4; lastKnownFileType = sourcecode.swift; path = AuthAPI.swift; sourceTree = "<group>"; };
		186DEA3425967E6F007204DD /* AuthService.swift */ = {isa = PBXFileReference; fileEncoding = 4; lastKnownFileType = sourcecode.swift; path = AuthService.swift; sourceTree = "<group>"; };
		186DEA3B25967E80007204DD /* JobDetailsView.swift */ = {isa = PBXFileReference; fileEncoding = 4; lastKnownFileType = sourcecode.swift; path = JobDetailsView.swift; sourceTree = "<group>"; };
		186DEA3C25967E80007204DD /* JobRow.swift */ = {isa = PBXFileReference; fileEncoding = 4; lastKnownFileType = sourcecode.swift; path = JobRow.swift; sourceTree = "<group>"; };
		186DEA3D25967E80007204DD /* WelcomeView.swift */ = {isa = PBXFileReference; fileEncoding = 4; lastKnownFileType = sourcecode.swift; path = WelcomeView.swift; sourceTree = "<group>"; };
		186DEA3E25967E80007204DD /* JobsView.swift */ = {isa = PBXFileReference; fileEncoding = 4; lastKnownFileType = sourcecode.swift; path = JobsView.swift; sourceTree = "<group>"; };
		186DEA4025967E80007204DD /* SplashView.swift */ = {isa = PBXFileReference; fileEncoding = 4; lastKnownFileType = sourcecode.swift; path = SplashView.swift; sourceTree = "<group>"; };
		186DEA4125967E80007204DD /* SignUpView.swift */ = {isa = PBXFileReference; fileEncoding = 4; lastKnownFileType = sourcecode.swift; path = SignUpView.swift; sourceTree = "<group>"; };
		186DEA4225967E80007204DD /* DrawerView.swift */ = {isa = PBXFileReference; fileEncoding = 4; lastKnownFileType = sourcecode.swift; path = DrawerView.swift; sourceTree = "<group>"; };
		186DEA4325967E80007204DD /* JobListView.swift */ = {isa = PBXFileReference; fileEncoding = 4; lastKnownFileType = sourcecode.swift; path = JobListView.swift; sourceTree = "<group>"; };
		186DEA4425967E80007204DD /* HomeView.swift */ = {isa = PBXFileReference; fileEncoding = 4; lastKnownFileType = sourcecode.swift; path = HomeView.swift; sourceTree = "<group>"; };
		186DEA4525967E80007204DD /* SignInView.swift */ = {isa = PBXFileReference; fileEncoding = 4; lastKnownFileType = sourcecode.swift; path = SignInView.swift; sourceTree = "<group>"; };
		186DEA5425967E92007204DD /* TicketListViewModel.swift */ = {isa = PBXFileReference; fileEncoding = 4; lastKnownFileType = sourcecode.swift; path = TicketListViewModel.swift; sourceTree = "<group>"; };
		186DEA5525967E92007204DD /* StatusViewModel.swift */ = {isa = PBXFileReference; fileEncoding = 4; lastKnownFileType = sourcecode.swift; path = StatusViewModel.swift; sourceTree = "<group>"; };
		186DEA5625967E92007204DD /* SignInViewModel.swift */ = {isa = PBXFileReference; fileEncoding = 4; lastKnownFileType = sourcecode.swift; path = SignInViewModel.swift; sourceTree = "<group>"; };
		186DEA5725967E92007204DD /* ScheduleViewModel.swift */ = {isa = PBXFileReference; fileEncoding = 4; lastKnownFileType = sourcecode.swift; path = ScheduleViewModel.swift; sourceTree = "<group>"; };
		186DEA5825967E92007204DD /* SignUpViewModel.swift */ = {isa = PBXFileReference; fileEncoding = 4; lastKnownFileType = sourcecode.swift; path = SignUpViewModel.swift; sourceTree = "<group>"; };
		186DEA5925967E92007204DD /* JobList.swift */ = {isa = PBXFileReference; fileEncoding = 4; lastKnownFileType = sourcecode.swift; path = JobList.swift; sourceTree = "<group>"; };
		186DEA6C25968BEE007204DD /* Loader.swift */ = {isa = PBXFileReference; lastKnownFileType = sourcecode.swift; path = Loader.swift; sourceTree = "<group>"; };
		187400F425A4D91200FE580E /* Utility.swift */ = {isa = PBXFileReference; lastKnownFileType = sourcecode.swift; path = Utility.swift; sourceTree = "<group>"; };
		187400FC25A4DE7600FE580E /* ScheduleView.swift */ = {isa = PBXFileReference; lastKnownFileType = sourcecode.swift; path = ScheduleView.swift; sourceTree = "<group>"; };
		18ADA5BF25991865004966E4 /* AuthenticationState.swift */ = {isa = PBXFileReference; lastKnownFileType = sourcecode.swift; path = AuthenticationState.swift; sourceTree = "<group>"; };
/* End PBXFileReference section */

/* Begin PBXFrameworksBuildPhase section */
		186DE9D825967DBD007204DD /* Frameworks */ = {
			isa = PBXFrameworksBuildPhase;
			buildActionMask = 2147483647;
			files = (
				18ADA5C7259A4BC9004966E4 /* Alamofire in Frameworks */,
			);
			runOnlyForDeploymentPostprocessing = 0;
		};
		186DE9E925967DC0007204DD /* Frameworks */ = {
			isa = PBXFrameworksBuildPhase;
			buildActionMask = 2147483647;
			files = (
			);
			runOnlyForDeploymentPostprocessing = 0;
		};
		186DE9F425967DC0007204DD /* Frameworks */ = {
			isa = PBXFrameworksBuildPhase;
			buildActionMask = 2147483647;
			files = (
			);
			runOnlyForDeploymentPostprocessing = 0;
		};
/* End PBXFrameworksBuildPhase section */

/* Begin PBXGroup section */
		186DE9D225967DBD007204DD = {
			isa = PBXGroup;
			children = (
				186DE9DD25967DBD007204DD /* amistee-app */,
				186DE9EF25967DC0007204DD /* amistee-appTests */,
				186DE9FA25967DC0007204DD /* amistee-appUITests */,
				186DE9DC25967DBD007204DD /* Products */,
			);
			sourceTree = "<group>";
		};
		186DE9DC25967DBD007204DD /* Products */ = {
			isa = PBXGroup;
			children = (
				186DE9DB25967DBD007204DD /* amistee-app.app */,
				186DE9EC25967DC0007204DD /* amistee-appTests.xctest */,
				186DE9F725967DC0007204DD /* amistee-appUITests.xctest */,
			);
			name = Products;
			sourceTree = "<group>";
		};
		186DE9DD25967DBD007204DD /* amistee-app */ = {
			isa = PBXGroup;
			children = (
				186DEA1825967E29007204DD /* Configurations */,
				186DEA1725967E22007204DD /* Components */,
				186DEA1325967DE9007204DD /* Services */,
				186DEA1225967DE8007204DD /* Views */,
				186DEA1125967DE5007204DD /* ViewModels */,
				186DEA0F25967DDB007204DD /* Models */,
				186DE9DE25967DBD007204DD /* amistee_appApp.swift */,
				186DE9E225967DC0007204DD /* Assets.xcassets */,
				186DE9E725967DC0007204DD /* Info.plist */,
				186DE9E425967DC0007204DD /* Preview Content */,
			);
			path = "amistee-app";
			sourceTree = "<group>";
		};
		186DE9E425967DC0007204DD /* Preview Content */ = {
			isa = PBXGroup;
			children = (
				186DE9E525967DC0007204DD /* Preview Assets.xcassets */,
			);
			path = "Preview Content";
			sourceTree = "<group>";
		};
		186DE9EF25967DC0007204DD /* amistee-appTests */ = {
			isa = PBXGroup;
			children = (
				186DE9F025967DC0007204DD /* amistee_appTests.swift */,
				186DE9F225967DC0007204DD /* Info.plist */,
			);
			path = "amistee-appTests";
			sourceTree = "<group>";
		};
		186DE9FA25967DC0007204DD /* amistee-appUITests */ = {
			isa = PBXGroup;
			children = (
				186DE9FB25967DC0007204DD /* amistee_appUITests.swift */,
				186DE9FD25967DC0007204DD /* Info.plist */,
			);
			path = "amistee-appUITests";
			sourceTree = "<group>";
		};
		186DEA0F25967DDB007204DD /* Models */ = {
			isa = PBXGroup;
			children = (
				186DEA2B25967E63007204DD /* Ticket.swift */,
				186DEA2C25967E63007204DD /* User.swift */,
				181760B125C9D5F300017528 /* Estimate.swift */,
			);
			path = Models;
			sourceTree = "<group>";
		};
		186DEA1125967DE5007204DD /* ViewModels */ = {
			isa = PBXGroup;
			children = (
				186DEA5725967E92007204DD /* ScheduleViewModel.swift */,
				186DEA5625967E92007204DD /* SignInViewModel.swift */,
				186DEA5825967E92007204DD /* SignUpViewModel.swift */,
				186DEA5525967E92007204DD /* StatusViewModel.swift */,
				186DEA5925967E92007204DD /* JobList.swift */,
				186DEA5425967E92007204DD /* TicketListViewModel.swift */,
				182933DA25D81EE700F59904 /* EstimateViewModel.swift */,
			);
			path = ViewModels;
			sourceTree = "<group>";
		};
		186DEA1225967DE8007204DD /* Views */ = {
			isa = PBXGroup;
			children = (
				186DEA4225967E80007204DD /* DrawerView.swift */,
				186DEA4425967E80007204DD /* HomeView.swift */,
				186DEA3B25967E80007204DD /* JobDetailsView.swift */,
				186DEA4325967E80007204DD /* JobListView.swift */,
				186DEA3C25967E80007204DD /* JobRow.swift */,
				186DEA3E25967E80007204DD /* JobsView.swift */,
				187400FC25A4DE7600FE580E /* ScheduleView.swift */,
				186DEA4525967E80007204DD /* SignInView.swift */,
				186DEA4125967E80007204DD /* SignUpView.swift */,
				186DEA4025967E80007204DD /* SplashView.swift */,
				186DEA3D25967E80007204DD /* WelcomeView.swift */,
				182933D525D81DCE00F59904 /* EstimateView.swift */,
			);
			path = Views;
			sourceTree = "<group>";
		};
		186DEA1325967DE9007204DD /* Services */ = {
			isa = PBXGroup;
			children = (
				186DEA3325967E6F007204DD /* AuthAPI.swift */,
				186DEA3425967E6F007204DD /* AuthService.swift */,
				186DEA3225967E6F007204DD /* WebService.swift */,
			);
			path = Services;
			sourceTree = "<group>";
		};
		186DEA1725967E22007204DD /* Components */ = {
			isa = PBXGroup;
			children = (
				186DEA1A25967E47007204DD /* CustomModifier.swift */,
				186DEA1925967E47007204DD /* CustomTextField.swift */,
				186DEA1B25967E47007204DD /* RadioButtonField.swift */,
				1819A84425D04CED00D9B54F /* CheckBoxField.swift */,
				186DEA6C25968BEE007204DD /* Loader.swift */,
				1836B46825B4E303005B36FD /* NavigationBarModifier.swift */,
			);
			path = Components;
			sourceTree = "<group>";
		};
		186DEA1825967E29007204DD /* Configurations */ = {
			isa = PBXGroup;
			children = (
				186DEA2425967E54007204DD /* AppState.swift */,
				186DEA2225967E54007204DD /* UIColor.swift */,
				186DEA2325967E54007204DD /* UIConfiguration.swift */,
				18ADA5BF25991865004966E4 /* AuthenticationState.swift */,
				187400F425A4D91200FE580E /* Utility.swift */,
			);
			path = Configurations;
			sourceTree = "<group>";
		};
/* End PBXGroup section */

/* Begin PBXNativeTarget section */
		186DE9DA25967DBD007204DD /* amistee-app */ = {
			isa = PBXNativeTarget;
			buildConfigurationList = 186DEA0025967DC0007204DD /* Build configuration list for PBXNativeTarget "amistee-app" */;
			buildPhases = (
				186DE9D725967DBD007204DD /* Sources */,
				186DE9D825967DBD007204DD /* Frameworks */,
				186DE9D925967DBD007204DD /* Resources */,
			);
			buildRules = (
			);
			dependencies = (
			);
			name = "amistee-app";
			packageProductDependencies = (
				18ADA5C6259A4BC9004966E4 /* Alamofire */,
			);
			productName = "amistee-app";
			productReference = 186DE9DB25967DBD007204DD /* amistee-app.app */;
			productType = "com.apple.product-type.application";
		};
		186DE9EB25967DC0007204DD /* amistee-appTests */ = {
			isa = PBXNativeTarget;
			buildConfigurationList = 186DEA0325967DC0007204DD /* Build configuration list for PBXNativeTarget "amistee-appTests" */;
			buildPhases = (
				186DE9E825967DC0007204DD /* Sources */,
				186DE9E925967DC0007204DD /* Frameworks */,
				186DE9EA25967DC0007204DD /* Resources */,
			);
			buildRules = (
			);
			dependencies = (
				186DE9EE25967DC0007204DD /* PBXTargetDependency */,
			);
			name = "amistee-appTests";
			productName = "amistee-appTests";
			productReference = 186DE9EC25967DC0007204DD /* amistee-appTests.xctest */;
			productType = "com.apple.product-type.bundle.unit-test";
		};
		186DE9F625967DC0007204DD /* amistee-appUITests */ = {
			isa = PBXNativeTarget;
			buildConfigurationList = 186DEA0625967DC0007204DD /* Build configuration list for PBXNativeTarget "amistee-appUITests" */;
			buildPhases = (
				186DE9F325967DC0007204DD /* Sources */,
				186DE9F425967DC0007204DD /* Frameworks */,
				186DE9F525967DC0007204DD /* Resources */,
			);
			buildRules = (
			);
			dependencies = (
				186DE9F925967DC0007204DD /* PBXTargetDependency */,
			);
			name = "amistee-appUITests";
			productName = "amistee-appUITests";
			productReference = 186DE9F725967DC0007204DD /* amistee-appUITests.xctest */;
			productType = "com.apple.product-type.bundle.ui-testing";
		};
/* End PBXNativeTarget section */

/* Begin PBXProject section */
		186DE9D325967DBD007204DD /* Project object */ = {
			isa = PBXProject;
			attributes = {
				LastSwiftUpdateCheck = 1220;
				LastUpgradeCheck = 1220;
				TargetAttributes = {
					186DE9DA25967DBD007204DD = {
						CreatedOnToolsVersion = 12.2;
					};
					186DE9EB25967DC0007204DD = {
						CreatedOnToolsVersion = 12.2;
						TestTargetID = 186DE9DA25967DBD007204DD;
					};
					186DE9F625967DC0007204DD = {
						CreatedOnToolsVersion = 12.2;
						TestTargetID = 186DE9DA25967DBD007204DD;
					};
				};
			};
			buildConfigurationList = 186DE9D625967DBD007204DD /* Build configuration list for PBXProject "amistee-app" */;
			compatibilityVersion = "Xcode 9.3";
			developmentRegion = en;
			hasScannedForEncodings = 0;
			knownRegions = (
				en,
				Base,
			);
			mainGroup = 186DE9D225967DBD007204DD;
			packageReferences = (
				18ADA5C5259A4BC9004966E4 /* XCRemoteSwiftPackageReference "Alamofire" */,
			);
			productRefGroup = 186DE9DC25967DBD007204DD /* Products */;
			projectDirPath = "";
			projectRoot = "";
			targets = (
				186DE9DA25967DBD007204DD /* amistee-app */,
				186DE9EB25967DC0007204DD /* amistee-appTests */,
				186DE9F625967DC0007204DD /* amistee-appUITests */,
			);
		};
/* End PBXProject section */

/* Begin PBXResourcesBuildPhase section */
		186DE9D925967DBD007204DD /* Resources */ = {
			isa = PBXResourcesBuildPhase;
			buildActionMask = 2147483647;
			files = (
				186DE9E625967DC0007204DD /* Preview Assets.xcassets in Resources */,
				186DE9E325967DC0007204DD /* Assets.xcassets in Resources */,
			);
			runOnlyForDeploymentPostprocessing = 0;
		};
		186DE9EA25967DC0007204DD /* Resources */ = {
			isa = PBXResourcesBuildPhase;
			buildActionMask = 2147483647;
			files = (
			);
			runOnlyForDeploymentPostprocessing = 0;
		};
		186DE9F525967DC0007204DD /* Resources */ = {
			isa = PBXResourcesBuildPhase;
			buildActionMask = 2147483647;
			files = (
			);
			runOnlyForDeploymentPostprocessing = 0;
		};
/* End PBXResourcesBuildPhase section */

/* Begin PBXSourcesBuildPhase section */
		186DE9D725967DBD007204DD /* Sources */ = {
			isa = PBXSourcesBuildPhase;
			buildActionMask = 2147483647;
			files = (
				1819A84525D04CED00D9B54F /* CheckBoxField.swift in Sources */,
				186DEA5A25967E92007204DD /* TicketListViewModel.swift in Sources */,
				186DEA1E25967E47007204DD /* RadioButtonField.swift in Sources */,
				186DEA1C25967E47007204DD /* CustomTextField.swift in Sources */,
				18ADA5C025991865004966E4 /* AuthenticationState.swift in Sources */,
				186DEA4925967E80007204DD /* JobsView.swift in Sources */,
				186DEA5D25967E92007204DD /* ScheduleViewModel.swift in Sources */,
				186DEA5C25967E92007204DD /* SignInViewModel.swift in Sources */,
				182933D625D81DCE00F59904 /* EstimateView.swift in Sources */,
				186DEA5E25967E92007204DD /* SignUpViewModel.swift in Sources */,
				186DEA4D25967E80007204DD /* DrawerView.swift in Sources */,
				187400F525A4D91200FE580E /* Utility.swift in Sources */,
				186DEA3625967E6F007204DD /* AuthAPI.swift in Sources */,
				186DEA4F25967E80007204DD /* HomeView.swift in Sources */,
				186DEA3725967E6F007204DD /* AuthService.swift in Sources */,
				186DEA4C25967E80007204DD /* SignUpView.swift in Sources */,
				182933DB25D81EE700F59904 /* EstimateViewModel.swift in Sources */,
				1836B46925B4E303005B36FD /* NavigationBarModifier.swift in Sources */,
				186DEA2725967E54007204DD /* AppState.swift in Sources */,
				186DEA4E25967E80007204DD /* JobListView.swift in Sources */,
				186DEA6D25968BEE007204DD /* Loader.swift in Sources */,
				186DEA2D25967E63007204DD /* Ticket.swift in Sources */,
				186DE9DF25967DBD007204DD /* amistee_appApp.swift in Sources */,
				186DEA2E25967E63007204DD /* User.swift in Sources */,
				186DEA5F25967E92007204DD /* JobList.swift in Sources */,
				187400FD25A4DE7600FE580E /* ScheduleView.swift in Sources */,
				181760B225C9D5F300017528 /* Estimate.swift in Sources */,
				186DEA4725967E80007204DD /* JobRow.swift in Sources */,
				186DEA5025967E80007204DD /* SignInView.swift in Sources */,
				186DEA4625967E80007204DD /* JobDetailsView.swift in Sources */,
				186DEA4825967E80007204DD /* WelcomeView.swift in Sources */,
				186DEA1D25967E47007204DD /* CustomModifier.swift in Sources */,
				186DEA2625967E54007204DD /* UIConfiguration.swift in Sources */,
				186DEA5B25967E92007204DD /* StatusViewModel.swift in Sources */,
				186DEA3525967E6F007204DD /* WebService.swift in Sources */,
				186DEA2525967E54007204DD /* UIColor.swift in Sources */,
				186DEA4B25967E80007204DD /* SplashView.swift in Sources */,
			);
			runOnlyForDeploymentPostprocessing = 0;
		};
		186DE9E825967DC0007204DD /* Sources */ = {
			isa = PBXSourcesBuildPhase;
			buildActionMask = 2147483647;
			files = (
				186DE9F125967DC0007204DD /* amistee_appTests.swift in Sources */,
			);
			runOnlyForDeploymentPostprocessing = 0;
		};
		186DE9F325967DC0007204DD /* Sources */ = {
			isa = PBXSourcesBuildPhase;
			buildActionMask = 2147483647;
			files = (
				186DE9FC25967DC0007204DD /* amistee_appUITests.swift in Sources */,
			);
			runOnlyForDeploymentPostprocessing = 0;
		};
/* End PBXSourcesBuildPhase section */

/* Begin PBXTargetDependency section */
		186DE9EE25967DC0007204DD /* PBXTargetDependency */ = {
			isa = PBXTargetDependency;
			target = 186DE9DA25967DBD007204DD /* amistee-app */;
			targetProxy = 186DE9ED25967DC0007204DD /* PBXContainerItemProxy */;
		};
		186DE9F925967DC0007204DD /* PBXTargetDependency */ = {
			isa = PBXTargetDependency;
			target = 186DE9DA25967DBD007204DD /* amistee-app */;
			targetProxy = 186DE9F825967DC0007204DD /* PBXContainerItemProxy */;
		};
/* End PBXTargetDependency section */

/* Begin XCBuildConfiguration section */
		186DE9FE25967DC0007204DD /* Debug */ = {
			isa = XCBuildConfiguration;
			buildSettings = {
				ALWAYS_SEARCH_USER_PATHS = NO;
				CLANG_ANALYZER_NONNULL = YES;
				CLANG_ANALYZER_NUMBER_OBJECT_CONVERSION = YES_AGGRESSIVE;
				CLANG_CXX_LANGUAGE_STANDARD = "gnu++14";
				CLANG_CXX_LIBRARY = "libc++";
				CLANG_ENABLE_MODULES = YES;
				CLANG_ENABLE_OBJC_ARC = YES;
				CLANG_ENABLE_OBJC_WEAK = YES;
				CLANG_WARN_BLOCK_CAPTURE_AUTORELEASING = YES;
				CLANG_WARN_BOOL_CONVERSION = YES;
				CLANG_WARN_COMMA = YES;
				CLANG_WARN_CONSTANT_CONVERSION = YES;
				CLANG_WARN_DEPRECATED_OBJC_IMPLEMENTATIONS = YES;
				CLANG_WARN_DIRECT_OBJC_ISA_USAGE = YES_ERROR;
				CLANG_WARN_DOCUMENTATION_COMMENTS = YES;
				CLANG_WARN_EMPTY_BODY = YES;
				CLANG_WARN_ENUM_CONVERSION = YES;
				CLANG_WARN_INFINITE_RECURSION = YES;
				CLANG_WARN_INT_CONVERSION = YES;
				CLANG_WARN_NON_LITERAL_NULL_CONVERSION = YES;
				CLANG_WARN_OBJC_IMPLICIT_RETAIN_SELF = YES;
				CLANG_WARN_OBJC_LITERAL_CONVERSION = YES;
				CLANG_WARN_OBJC_ROOT_CLASS = YES_ERROR;
				CLANG_WARN_QUOTED_INCLUDE_IN_FRAMEWORK_HEADER = YES;
				CLANG_WARN_RANGE_LOOP_ANALYSIS = YES;
				CLANG_WARN_STRICT_PROTOTYPES = YES;
				CLANG_WARN_SUSPICIOUS_MOVE = YES;
				CLANG_WARN_UNGUARDED_AVAILABILITY = YES_AGGRESSIVE;
				CLANG_WARN_UNREACHABLE_CODE = YES;
				CLANG_WARN__DUPLICATE_METHOD_MATCH = YES;
				COPY_PHASE_STRIP = NO;
				DEBUG_INFORMATION_FORMAT = dwarf;
				ENABLE_STRICT_OBJC_MSGSEND = YES;
				ENABLE_TESTABILITY = YES;
				GCC_C_LANGUAGE_STANDARD = gnu11;
				GCC_DYNAMIC_NO_PIC = NO;
				GCC_NO_COMMON_BLOCKS = YES;
				GCC_OPTIMIZATION_LEVEL = 0;
				GCC_PREPROCESSOR_DEFINITIONS = (
					"DEBUG=1",
					"$(inherited)",
				);
				GCC_WARN_64_TO_32_BIT_CONVERSION = YES;
				GCC_WARN_ABOUT_RETURN_TYPE = YES_ERROR;
				GCC_WARN_UNDECLARED_SELECTOR = YES;
				GCC_WARN_UNINITIALIZED_AUTOS = YES_AGGRESSIVE;
				GCC_WARN_UNUSED_FUNCTION = YES;
				GCC_WARN_UNUSED_VARIABLE = YES;
				IPHONEOS_DEPLOYMENT_TARGET = 14.2;
				MTL_ENABLE_DEBUG_INFO = INCLUDE_SOURCE;
				MTL_FAST_MATH = YES;
				ONLY_ACTIVE_ARCH = YES;
				SDKROOT = iphoneos;
				SWIFT_ACTIVE_COMPILATION_CONDITIONS = DEBUG;
				SWIFT_OPTIMIZATION_LEVEL = "-Onone";
			};
			name = Debug;
		};
		186DE9FF25967DC0007204DD /* Release */ = {
			isa = XCBuildConfiguration;
			buildSettings = {
				ALWAYS_SEARCH_USER_PATHS = NO;
				CLANG_ANALYZER_NONNULL = YES;
				CLANG_ANALYZER_NUMBER_OBJECT_CONVERSION = YES_AGGRESSIVE;
				CLANG_CXX_LANGUAGE_STANDARD = "gnu++14";
				CLANG_CXX_LIBRARY = "libc++";
				CLANG_ENABLE_MODULES = YES;
				CLANG_ENABLE_OBJC_ARC = YES;
				CLANG_ENABLE_OBJC_WEAK = YES;
				CLANG_WARN_BLOCK_CAPTURE_AUTORELEASING = YES;
				CLANG_WARN_BOOL_CONVERSION = YES;
				CLANG_WARN_COMMA = YES;
				CLANG_WARN_CONSTANT_CONVERSION = YES;
				CLANG_WARN_DEPRECATED_OBJC_IMPLEMENTATIONS = YES;
				CLANG_WARN_DIRECT_OBJC_ISA_USAGE = YES_ERROR;
				CLANG_WARN_DOCUMENTATION_COMMENTS = YES;
				CLANG_WARN_EMPTY_BODY = YES;
				CLANG_WARN_ENUM_CONVERSION = YES;
				CLANG_WARN_INFINITE_RECURSION = YES;
				CLANG_WARN_INT_CONVERSION = YES;
				CLANG_WARN_NON_LITERAL_NULL_CONVERSION = YES;
				CLANG_WARN_OBJC_IMPLICIT_RETAIN_SELF = YES;
				CLANG_WARN_OBJC_LITERAL_CONVERSION = YES;
				CLANG_WARN_OBJC_ROOT_CLASS = YES_ERROR;
				CLANG_WARN_QUOTED_INCLUDE_IN_FRAMEWORK_HEADER = YES;
				CLANG_WARN_RANGE_LOOP_ANALYSIS = YES;
				CLANG_WARN_STRICT_PROTOTYPES = YES;
				CLANG_WARN_SUSPICIOUS_MOVE = YES;
				CLANG_WARN_UNGUARDED_AVAILABILITY = YES_AGGRESSIVE;
				CLANG_WARN_UNREACHABLE_CODE = YES;
				CLANG_WARN__DUPLICATE_METHOD_MATCH = YES;
				COPY_PHASE_STRIP = NO;
				DEBUG_INFORMATION_FORMAT = "dwarf-with-dsym";
				ENABLE_NS_ASSERTIONS = NO;
				ENABLE_STRICT_OBJC_MSGSEND = YES;
				GCC_C_LANGUAGE_STANDARD = gnu11;
				GCC_NO_COMMON_BLOCKS = YES;
				GCC_WARN_64_TO_32_BIT_CONVERSION = YES;
				GCC_WARN_ABOUT_RETURN_TYPE = YES_ERROR;
				GCC_WARN_UNDECLARED_SELECTOR = YES;
				GCC_WARN_UNINITIALIZED_AUTOS = YES_AGGRESSIVE;
				GCC_WARN_UNUSED_FUNCTION = YES;
				GCC_WARN_UNUSED_VARIABLE = YES;
				IPHONEOS_DEPLOYMENT_TARGET = 14.2;
				MTL_ENABLE_DEBUG_INFO = NO;
				MTL_FAST_MATH = YES;
				SDKROOT = iphoneos;
				SWIFT_COMPILATION_MODE = wholemodule;
				SWIFT_OPTIMIZATION_LEVEL = "-O";
				VALIDATE_PRODUCT = YES;
			};
			name = Release;
		};
		186DEA0125967DC0007204DD /* Debug */ = {
			isa = XCBuildConfiguration;
			buildSettings = {
				ASSETCATALOG_COMPILER_APPICON_NAME = AppIcon;
				ASSETCATALOG_COMPILER_GLOBAL_ACCENT_COLOR_NAME = AccentColor;
				CODE_SIGN_STYLE = Automatic;
				DEVELOPMENT_ASSET_PATHS = "\"amistee-app/Preview Content\"";
				ENABLE_PREVIEWS = YES;
				INFOPLIST_FILE = "amistee-app/Info.plist";
				IPHONEOS_DEPLOYMENT_TARGET = 14.0;
				LD_RUNPATH_SEARCH_PATHS = (
					"$(inherited)",
					"@executable_path/Frameworks",
				);
				PRODUCT_BUNDLE_IDENTIFIER = "amistee.amistee-app";
				PRODUCT_NAME = "$(TARGET_NAME)";
				SWIFT_VERSION = 5.0;
				TARGETED_DEVICE_FAMILY = "1,2";
			};
			name = Debug;
		};
		186DEA0225967DC0007204DD /* Release */ = {
			isa = XCBuildConfiguration;
			buildSettings = {
				ASSETCATALOG_COMPILER_APPICON_NAME = AppIcon;
				ASSETCATALOG_COMPILER_GLOBAL_ACCENT_COLOR_NAME = AccentColor;
				CODE_SIGN_STYLE = Automatic;
				DEVELOPMENT_ASSET_PATHS = "\"amistee-app/Preview Content\"";
				ENABLE_PREVIEWS = YES;
				INFOPLIST_FILE = "amistee-app/Info.plist";
				IPHONEOS_DEPLOYMENT_TARGET = 14.0;
				LD_RUNPATH_SEARCH_PATHS = (
					"$(inherited)",
					"@executable_path/Frameworks",
				);
				PRODUCT_BUNDLE_IDENTIFIER = "amistee.amistee-app";
				PRODUCT_NAME = "$(TARGET_NAME)";
				SWIFT_VERSION = 5.0;
				TARGETED_DEVICE_FAMILY = "1,2";
			};
			name = Release;
		};
		186DEA0425967DC0007204DD /* Debug */ = {
			isa = XCBuildConfiguration;
			buildSettings = {
				ALWAYS_EMBED_SWIFT_STANDARD_LIBRARIES = YES;
				BUNDLE_LOADER = "$(TEST_HOST)";
				CODE_SIGN_STYLE = Automatic;
				INFOPLIST_FILE = "amistee-appTests/Info.plist";
				IPHONEOS_DEPLOYMENT_TARGET = 14.0;
				LD_RUNPATH_SEARCH_PATHS = (
					"$(inherited)",
					"@executable_path/Frameworks",
					"@loader_path/Frameworks",
				);
				PRODUCT_BUNDLE_IDENTIFIER = "amistee.amistee-appTests";
				PRODUCT_NAME = "$(TARGET_NAME)";
				SWIFT_VERSION = 5.0;
				TARGETED_DEVICE_FAMILY = "1,2";
				TEST_HOST = "$(BUILT_PRODUCTS_DIR)/amistee-app.app/amistee-app";
			};
			name = Debug;
		};
		186DEA0525967DC0007204DD /* Release */ = {
			isa = XCBuildConfiguration;
			buildSettings = {
				ALWAYS_EMBED_SWIFT_STANDARD_LIBRARIES = YES;
				BUNDLE_LOADER = "$(TEST_HOST)";
				CODE_SIGN_STYLE = Automatic;
				INFOPLIST_FILE = "amistee-appTests/Info.plist";
				IPHONEOS_DEPLOYMENT_TARGET = 14.0;
				LD_RUNPATH_SEARCH_PATHS = (
					"$(inherited)",
					"@executable_path/Frameworks",
					"@loader_path/Frameworks",
				);
				PRODUCT_BUNDLE_IDENTIFIER = "amistee.amistee-appTests";
				PRODUCT_NAME = "$(TARGET_NAME)";
				SWIFT_VERSION = 5.0;
				TARGETED_DEVICE_FAMILY = "1,2";
				TEST_HOST = "$(BUILT_PRODUCTS_DIR)/amistee-app.app/amistee-app";
			};
			name = Release;
		};
		186DEA0725967DC0007204DD /* Debug */ = {
			isa = XCBuildConfiguration;
			buildSettings = {
				ALWAYS_EMBED_SWIFT_STANDARD_LIBRARIES = YES;
				CODE_SIGN_STYLE = Automatic;
				INFOPLIST_FILE = "amistee-appUITests/Info.plist";
				LD_RUNPATH_SEARCH_PATHS = (
					"$(inherited)",
					"@executable_path/Frameworks",
					"@loader_path/Frameworks",
				);
				PRODUCT_BUNDLE_IDENTIFIER = "amistee.amistee-appUITests";
				PRODUCT_NAME = "$(TARGET_NAME)";
				SWIFT_VERSION = 5.0;
				TARGETED_DEVICE_FAMILY = "1,2";
				TEST_TARGET_NAME = "amistee-app";
			};
			name = Debug;
		};
		186DEA0825967DC0007204DD /* Release */ = {
			isa = XCBuildConfiguration;
			buildSettings = {
				ALWAYS_EMBED_SWIFT_STANDARD_LIBRARIES = YES;
				CODE_SIGN_STYLE = Automatic;
				INFOPLIST_FILE = "amistee-appUITests/Info.plist";
				LD_RUNPATH_SEARCH_PATHS = (
					"$(inherited)",
					"@executable_path/Frameworks",
					"@loader_path/Frameworks",
				);
				PRODUCT_BUNDLE_IDENTIFIER = "amistee.amistee-appUITests";
				PRODUCT_NAME = "$(TARGET_NAME)";
				SWIFT_VERSION = 5.0;
				TARGETED_DEVICE_FAMILY = "1,2";
				TEST_TARGET_NAME = "amistee-app";
			};
			name = Release;
		};
/* End XCBuildConfiguration section */

/* Begin XCConfigurationList section */
		186DE9D625967DBD007204DD /* Build configuration list for PBXProject "amistee-app" */ = {
			isa = XCConfigurationList;
			buildConfigurations = (
				186DE9FE25967DC0007204DD /* Debug */,
				186DE9FF25967DC0007204DD /* Release */,
			);
			defaultConfigurationIsVisible = 0;
			defaultConfigurationName = Release;
		};
		186DEA0025967DC0007204DD /* Build configuration list for PBXNativeTarget "amistee-app" */ = {
			isa = XCConfigurationList;
			buildConfigurations = (
				186DEA0125967DC0007204DD /* Debug */,
				186DEA0225967DC0007204DD /* Release */,
			);
			defaultConfigurationIsVisible = 0;
			defaultConfigurationName = Release;
		};
		186DEA0325967DC0007204DD /* Build configuration list for PBXNativeTarget "amistee-appTests" */ = {
			isa = XCConfigurationList;
			buildConfigurations = (
				186DEA0425967DC0007204DD /* Debug */,
				186DEA0525967DC0007204DD /* Release */,
			);
			defaultConfigurationIsVisible = 0;
			defaultConfigurationName = Release;
		};
		186DEA0625967DC0007204DD /* Build configuration list for PBXNativeTarget "amistee-appUITests" */ = {
			isa = XCConfigurationList;
			buildConfigurations = (
				186DEA0725967DC0007204DD /* Debug */,
				186DEA0825967DC0007204DD /* Release */,
			);
			defaultConfigurationIsVisible = 0;
			defaultConfigurationName = Release;
		};
/* End XCConfigurationList section */

/* Begin XCRemoteSwiftPackageReference section */
		18ADA5C5259A4BC9004966E4 /* XCRemoteSwiftPackageReference "Alamofire" */ = {
			isa = XCRemoteSwiftPackageReference;
			repositoryURL = "https://github.com/Alamofire/Alamofire.git";
			requirement = {
				kind = upToNextMajorVersion;
				minimumVersion = 5.4.1;
			};
		};
/* End XCRemoteSwiftPackageReference section */

/* Begin XCSwiftPackageProductDependency section */
		18ADA5C6259A4BC9004966E4 /* Alamofire */ = {
			isa = XCSwiftPackageProductDependency;
			package = 18ADA5C5259A4BC9004966E4 /* XCRemoteSwiftPackageReference "Alamofire" */;
			productName = Alamofire;
		};
/* End XCSwiftPackageProductDependency section */
	};
	rootObject = 186DE9D325967DBD007204DD /* Project object */;
}
